Microsoft Visual Studio Solution File, Format Version 12.00
# Visual Studio Version 17
VisualStudioVersion = 17.5.2.0
MinimumVisualStudioVersion = 10.0.40219.1
Project("{FAE04EC0-301F-11D3-BF4B-00C04F79EFBC}") = "TVTComment", "TVTComment.csproj", "{1C12FD68-6CFF-9813-0FD5-446DDA7386EE}"
EndProject
Global
	GlobalSection(SolutionConfigurationPlatforms) = preSolution
		Debug|Any CPU = Debug|Any CPU
		Release|Any CPU = Release|Any CPU
	EndGlobalSection
	GlobalSection(ProjectConfigurationPlatforms) = postSolution
		{1C12FD68-6CFF-9813-0FD5-446DDA7386EE}.Debug|Any CPU.ActiveCfg = Debug|Any CPU
		{1C12FD68-6CFF-9813-0FD5-446DDA7386EE}.Debug|Any CPU.Build.0 = Debug|Any CPU
		{1C12FD68-6CFF-9813-0FD5-446DDA7386EE}.Release|Any CPU.ActiveCfg = Release|Any CPU
		{1C12FD68-6CFF-9813-0FD5-446DDA7386EE}.Release|Any CPU.Build.0 = Release|Any CPU
	EndGlobalSection
	GlobalSection(SolutionProperties) = preSolution
		HideSolutionNode = FALSE
	EndGlobalSection
	GlobalSection(ExtensibilityGlobals) = postSolution
		SolutionGuid = {CF647CEC-5A36-4D20-B7E7-838049CDB2A0}
	EndGlobalSection
EndGlobal
